
Microsoft Visual Studio Solution File, Format Version 12.00
# Visual Studio Version 16
VisualStudioVersion = 16.0.31829.152
MinimumVisualStudioVersion = 10.0.40219.1
Project("{FAE04EC0-301F-11D3-BF4B-00C04F79EFBC}") = "WineStore", "WineStore.csproj", "{99A3186C-04B0-446E-91B6-2266AE55A89C}"
EndProject
Global
	GlobalSection(SolutionConfigurationPlatforms) = preSolution
		Debug|Any CPU = Debug|Any CPU
		Release|Any CPU = Release|Any CPU
	EndGlobalSection
	GlobalSection(ProjectConfigurationPlatforms) = postSolution
		{99A3186C-04B0-446E-91B6-2266AE55A89C}.Debug|Any CPU.ActiveCfg = Debug|Any CPU
		{99A3186C-04B0-446E-91B6-2266AE55A89C}.Debug|Any CPU.Build.0 = Debug|Any CPU
		{99A3186C-04B0-446E-91B6-2266AE55A89C}.Release|Any CPU.ActiveCfg = Release|Any CPU
		{99A3186C-04B0-446E-91B6-2266AE55A89C}.Release|Any CPU.Build.0 = Release|Any CPU
	EndGlobalSection
	GlobalSection(SolutionProperties) = preSolution
		HideSolutionNode = FALSE
	EndGlobalSection
	GlobalSection(ExtensibilityGlobals) = postSolution
		SolutionGuid = {7F1A6781-344F-4435-A300-59D9C5A8B31F}
	EndGlobalSection
EndGlobal
